// !$*UTF8*$!
{
	archiveVersion = 1;
	classes = {
	};
	objectVersion = 50;
	objects = {

/* Begin PBXBuildFile section */
		50A3E11A26A31FC1000C69B7 /* OlympiaApp.swift in Sources */ = {isa = PBXBuildFile; fileRef = 50A3E11926A31FC1000C69B7 /* OlympiaApp.swift */; };
		50A3E11C26A31FC1000C69B7 /* ContentView.swift in Sources */ = {isa = PBXBuildFile; fileRef = 50A3E11B26A31FC1000C69B7 /* ContentView.swift */; };
		50A3E11E26A31FC1000C69B7 /* Assets.xcassets in Resources */ = {isa = PBXBuildFile; fileRef = 50A3E11D26A31FC1000C69B7 /* Assets.xcassets */; };
		50A3E12126A31FC1000C69B7 /* Preview Assets.xcassets in Resources */ = {isa = PBXBuildFile; fileRef = 50A3E12026A31FC1000C69B7 /* Preview Assets.xcassets */; };
		50A3E13526A33D6F000C69B7 /* SexView.swift in Sources */ = {isa = PBXBuildFile; fileRef = 50A3E13426A33D6F000C69B7 /* SexView.swift */; };
		50A3E13926A3401C000C69B7 /* FemaleData.json in Resources */ = {isa = PBXBuildFile; fileRef = 50A3E13826A3401C000C69B7 /* FemaleData.json */; };
		50A3E13C26A341AE000C69B7 /* HockeyMatch.swift in Sources */ = {isa = PBXBuildFile; fileRef = 50A3E13B26A341AE000C69B7 /* HockeyMatch.swift */; };
		50A3E14026A5CFCF000C69B7 /* myData.json in Resources */ = {isa = PBXBuildFile; fileRef = 50A3E13F26A5CFCF000C69B7 /* myData.json */; };
		50A3E14226A5CFF6000C69B7 /* UserData.swift in Sources */ = {isa = PBXBuildFile; fileRef = 50A3E14126A5CFF6000C69B7 /* UserData.swift */; };
		50A3E14426A5E534000C69B7 /* DataLoader.swift in Sources */ = {isa = PBXBuildFile; fileRef = 50A3E14326A5E534000C69B7 /* DataLoader.swift */; };
/* End PBXBuildFile section */

/* Begin PBXFileReference section */
		50A3E11626A31FC1000C69B7 /* Olympia.app */ = {isa = PBXFileReference; explicitFileType = wrapper.application; includeInIndex = 0; path = Olympia.app; sourceTree = BUILT_PRODUCTS_DIR; };
		50A3E11926A31FC1000C69B7 /* OlympiaApp.swift */ = {isa = PBXFileReference; lastKnownFileType = sourcecode.swift; path = OlympiaApp.swift; sourceTree = "<group>"; };
		50A3E11B26A31FC1000C69B7 /* ContentView.swift */ = {isa = PBXFileReference; lastKnownFileType = sourcecode.swift; path = ContentView.swift; sourceTree = "<group>"; };
		50A3E11D26A31FC1000C69B7 /* Assets.xcassets */ = {isa = PBXFileReference; lastKnownFileType = folder.assetcatalog; path = Assets.xcassets; sourceTree = "<group>"; };
		50A3E12026A31FC1000C69B7 /* Preview Assets.xcassets */ = {isa = PBXFileReference; lastKnownFileType = folder.assetcatalog; path = "Preview Assets.xcassets"; sourceTree = "<group>"; };
		50A3E12226A31FC1000C69B7 /* Info.plist */ = {isa = PBXFileReference; lastKnownFileType = text.plist.xml; path = Info.plist; sourceTree = "<group>"; };
		50A3E13426A33D6F000C69B7 /* SexView.swift */ = {isa = PBXFileReference; lastKnownFileType = sourcecode.swift; path = SexView.swift; sourceTree = "<group>"; };
		50A3E13826A3401C000C69B7 /* FemaleData.json */ = {isa = PBXFileReference; fileEncoding = 4; lastKnownFileType = text.json; path = FemaleData.json; sourceTree = "<group>"; };
		50A3E13B26A341AE000C69B7 /* HockeyMatch.swift */ = {isa = PBXFileReference; lastKnownFileType = sourcecode.swift; path = HockeyMatch.swift; sourceTree = "<group>"; };
		50A3E13F26A5CFCF000C69B7 /* myData.json */ = {isa = PBXFileReference; fileEncoding = 4; lastKnownFileType = text.json; path = myData.json; sourceTree = "<group>"; };
		50A3E14126A5CFF6000C69B7 /* UserData.swift */ = {isa = PBXFileReference; lastKnownFileType = sourcecode.swift; path = UserData.swift; sourceTree = "<group>"; };
		50A3E14326A5E534000C69B7 /* DataLoader.swift */ = {isa = PBXFileReference; lastKnownFileType = sourcecode.swift; path = DataLoader.swift; sourceTree = "<group>"; };
/* End PBXFileReference section */

/* Begin PBXFrameworksBuildPhase section */
		50A3E11326A31FC1000C69B7 /* Frameworks */ = {
			isa = PBXFrameworksBuildPhase;
			buildActionMask = 2147483647;
			files = (
			);
			runOnlyForDeploymentPostprocessing = 0;
		};
/* End PBXFrameworksBuildPhase section */

/* Begin PBXGroup section */
		50A3E10D26A31FC1000C69B7 = {
			isa = PBXGroup;
			children = (
				50A3E11826A31FC1000C69B7 /* Olympia */,
				50A3E11726A31FC1000C69B7 /* Products */,
			);
			sourceTree = "<group>";
		};
		50A3E11726A31FC1000C69B7 /* Products */ = {
			isa = PBXGroup;
			children = (
				50A3E11626A31FC1000C69B7 /* Olympia.app */,
			);
			name = Products;
			sourceTree = "<group>";
		};
		50A3E11826A31FC1000C69B7 /* Olympia */ = {
			isa = PBXGroup;
			children = (
				50A3E13B26A341AE000C69B7 /* HockeyMatch.swift */,
				50A3E13A26A34129000C69B7 /* Structures */,
				50A3E13626A33E01000C69B7 /* Data */,
				50A3E13326A33CE4000C69B7 /* Views */,
				50A3E11926A31FC1000C69B7 /* OlympiaApp.swift */,
				50A3E11B26A31FC1000C69B7 /* ContentView.swift */,
				50A3E11D26A31FC1000C69B7 /* Assets.xcassets */,
				50A3E12226A31FC1000C69B7 /* Info.plist */,
				50A3E11F26A31FC1000C69B7 /* Preview Content */,
				50A3E14126A5CFF6000C69B7 /* UserData.swift */,
				50A3E14326A5E534000C69B7 /* DataLoader.swift */,
				50A3E13F26A5CFCF000C69B7 /* myData.json */,
			);
			path = Olympia;
			sourceTree = "<group>";
		};
		50A3E11F26A31FC1000C69B7 /* Preview Content */ = {
			isa = PBXGroup;
			children = (
				50A3E12026A31FC1000C69B7 /* Preview Assets.xcassets */,
			);
			path = "Preview Content";
			sourceTree = "<group>";
		};
		50A3E13326A33CE4000C69B7 /* Views */ = {
			isa = PBXGroup;
			children = (
				50A3E13426A33D6F000C69B7 /* SexView.swift */,
			);
			path = Views;
			sourceTree = "<group>";
		};
		50A3E13626A33E01000C69B7 /* Data */ = {
			isa = PBXGroup;
			children = (
				50A3E13726A33E0C000C69B7 /* Hockey */,
			);
			path = Data;
			sourceTree = "<group>";
		};
		50A3E13726A33E0C000C69B7 /* Hockey */ = {
			isa = PBXGroup;
			children = (
				50A3E13826A3401C000C69B7 /* FemaleData.json */,
			);
			path = Hockey;
			sourceTree = "<group>";
		};
		50A3E13A26A34129000C69B7 /* Structures */ = {
			isa = PBXGroup;
			children = (
			);
			path = Structures;
			sourceTree = "<group>";
		};
/* End PBXGroup section */

/* Begin PBXNativeTarget section */
		50A3E11526A31FC1000C69B7 /* Olympia */ = {
			isa = PBXNativeTarget;
			buildConfigurationList = 50A3E12526A31FC1000C69B7 /* Build configuration list for PBXNativeTarget "Olympia" */;
			buildPhases = (
				50A3E11226A31FC1000C69B7 /* Sources */,
				50A3E11326A31FC1000C69B7 /* Frameworks */,
				50A3E11426A31FC1000C69B7 /* Resources */,
			);
			buildRules = (
			);
			dependencies = (
			);
			name = Olympia;
			productName = Olympia;
			productReference = 50A3E11626A31FC1000C69B7 /* Olympia.app */;
			productType = "com.apple.product-type.application";
		};
/* End PBXNativeTarget section */

/* Begin PBXProject section */
		50A3E10E26A31FC1000C69B7 /* Project object */ = {
			isa = PBXProject;
			attributes = {
				LastSwiftUpdateCheck = 1250;
				LastUpgradeCheck = 1250;
				TargetAttributes = {
					50A3E11526A31FC1000C69B7 = {
						CreatedOnToolsVersion = 12.5.1;
					};
				};
			};
			buildConfigurationList = 50A3E11126A31FC1000C69B7 /* Build configuration list for PBXProject "Olympia" */;
			compatibilityVersion = "Xcode 9.3";
			developmentRegion = en;
			hasScannedForEncodings = 0;
			knownRegions = (
				en,
				Base,
			);
			mainGroup = 50A3E10D26A31FC1000C69B7;
			productRefGroup = 50A3E11726A31FC1000C69B7 /* Products */;
			projectDirPath = "";
			projectRoot = "";
			targets = (
				50A3E11526A31FC1000C69B7 /* Olympia */,
			);
		};
/* End PBXProject section */

/* Begin PBXResourcesBuildPhase section */
		50A3E11426A31FC1000C69B7 /* Resources */ = {
			isa = PBXResourcesBuildPhase;
			buildActionMask = 2147483647;
			files = (
				50A3E13926A3401C000C69B7 /* FemaleData.json in Resources */,
				50A3E12126A31FC1000C69B7 /* Preview Assets.xcassets in Resources */,
				50A3E14026A5CFCF000C69B7 /* myData.json in Resources */,
				50A3E11E26A31FC1000C69B7 /* Assets.xcassets in Resources */,
			);
			runOnlyForDeploymentPostprocessing = 0;
		};
/* End PBXResourcesBuildPhase section */

/* Begin PBXSourcesBuildPhase section */
		50A3E11226A31FC1000C69B7 /* Sources */ = {
			isa = PBXSourcesBuildPhase;
			buildActionMask = 2147483647;
			files = (
				50A3E14226A5CFF6000C69B7 /* UserData.swift in Sources */,
				50A3E13C26A341AE000C69B7 /* HockeyMatch.swift in Sources */,
				50A3E14426A5E534000C69B7 /* DataLoader.swift in Sources */,
				50A3E11C26A31FC1000C69B7 /* ContentView.swift in Sources */,
				50A3E13526A33D6F000C69B7 /* SexView.swift in Sources */,
				50A3E11A26A31FC1000C69B7 /* OlympiaApp.swift in Sources */,
			);
			runOnlyForDeploymentPostprocessing = 0;
		};
/* End PBXSourcesBuildPhase section */

/* Begin XCBuildConfiguration section */
		50A3E12326A31FC1000C69B7 /* Debug */ = {
			isa = XCBuildConfiguration;
			buildSettings = {
				ALWAYS_SEARCH_USER_PATHS = NO;
				CLANG_ANALYZER_NONNULL = YES;
				CLANG_ANALYZER_NUMBER_OBJECT_CONVERSION = YES_AGGRESSIVE;
				CLANG_CXX_LANGUAGE_STANDARD = "gnu++14";
				CLANG_CXX_LIBRARY = "libc++";
				CLANG_ENABLE_MODULES = YES;
				CLANG_ENABLE_OBJC_ARC = YES;
				CLANG_ENABLE_OBJC_WEAK = YES;
				CLANG_WARN_BLOCK_CAPTURE_AUTORELEASING = YES;
				CLANG_WARN_BOOL_CONVERSION = YES;
				CLANG_WARN_COMMA = YES;
				CLANG_WARN_CONSTANT_CONVERSION = YES;
				CLANG_WARN_DEPRECATED_OBJC_IMPLEMENTATIONS = YES;
				CLANG_WARN_DIRECT_OBJC_ISA_USAGE = YES_ERROR;
				CLANG_WARN_DOCUMENTATION_COMMENTS = YES;
				CLANG_WARN_EMPTY_BODY = YES;
				CLANG_WARN_ENUM_CONVERSION = YES;
				CLANG_WARN_INFINITE_RECURSION = YES;
				CLANG_WARN_INT_CONVERSION = YES;
				CLANG_WARN_NON_LITERAL_NULL_CONVERSION = YES;
				CLANG_WARN_OBJC_IMPLICIT_RETAIN_SELF = YES;
				CLANG_WARN_OBJC_LITERAL_CONVERSION = YES;
				CLANG_WARN_OBJC_ROOT_CLASS = YES_ERROR;
				CLANG_WARN_QUOTED_INCLUDE_IN_FRAMEWORK_HEADER = YES;
				CLANG_WARN_RANGE_LOOP_ANALYSIS = YES;
				CLANG_WARN_STRICT_PROTOTYPES = YES;
				CLANG_WARN_SUSPICIOUS_MOVE = YES;
				CLANG_WARN_UNGUARDED_AVAILABILITY = YES_AGGRESSIVE;
				CLANG_WARN_UNREACHABLE_CODE = YES;
				CLANG_WARN__DUPLICATE_METHOD_MATCH = YES;
				COPY_PHASE_STRIP = NO;
				DEBUG_INFORMATION_FORMAT = dwarf;
				ENABLE_STRICT_OBJC_MSGSEND = YES;
				ENABLE_TESTABILITY = YES;
				GCC_C_LANGUAGE_STANDARD = gnu11;
				GCC_DYNAMIC_NO_PIC = NO;
				GCC_NO_COMMON_BLOCKS = YES;
				GCC_OPTIMIZATION_LEVEL = 0;
				GCC_PREPROCESSOR_DEFINITIONS = (
					"DEBUG=1",
					"$(inherited)",
				);
				GCC_WARN_64_TO_32_BIT_CONVERSION = YES;
				GCC_WARN_ABOUT_RETURN_TYPE = YES_ERROR;
				GCC_WARN_UNDECLARED_SELECTOR = YES;
				GCC_WARN_UNINITIALIZED_AUTOS = YES_AGGRESSIVE;
				GCC_WARN_UNUSED_FUNCTION = YES;
				GCC_WARN_UNUSED_VARIABLE = YES;
				IPHONEOS_DEPLOYMENT_TARGET = 14.5;
				MTL_ENABLE_DEBUG_INFO = INCLUDE_SOURCE;
				MTL_FAST_MATH = YES;
				ONLY_ACTIVE_ARCH = YES;
				SDKROOT = iphoneos;
				SWIFT_ACTIVE_COMPILATION_CONDITIONS = DEBUG;
				SWIFT_OPTIMIZATION_LEVEL = "-Onone";
			};
			name = Debug;
		};
		50A3E12426A31FC1000C69B7 /* Release */ = {
			isa = XCBuildConfiguration;
			buildSettings = {
				ALWAYS_SEARCH_USER_PATHS = NO;
				CLANG_ANALYZER_NONNULL = YES;
				CLANG_ANALYZER_NUMBER_OBJECT_CONVERSION = YES_AGGRESSIVE;
				CLANG_CXX_LANGUAGE_STANDARD = "gnu++14";
				CLANG_CXX_LIBRARY = "libc++";
				CLANG_ENABLE_MODULES = YES;
				CLANG_ENABLE_OBJC_ARC = YES;
				CLANG_ENABLE_OBJC_WEAK = YES;
				CLANG_WARN_BLOCK_CAPTURE_AUTORELEASING = YES;
				CLANG_WARN_BOOL_CONVERSION = YES;
				CLANG_WARN_COMMA = YES;
				CLANG_WARN_CONSTANT_CONVERSION = YES;
				CLANG_WARN_DEPRECATED_OBJC_IMPLEMENTATIONS = YES;
				CLANG_WARN_DIRECT_OBJC_ISA_USAGE = YES_ERROR;
				CLANG_WARN_DOCUMENTATION_COMMENTS = YES;
				CLANG_WARN_EMPTY_BODY = YES;
				CLANG_WARN_ENUM_CONVERSION = YES;
				CLANG_WARN_INFINITE_RECURSION = YES;
				CLANG_WARN_INT_CONVERSION = YES;
				CLANG_WARN_NON_LITERAL_NULL_CONVERSION = YES;
				CLANG_WARN_OBJC_IMPLICIT_RETAIN_SELF = YES;
				CLANG_WARN_OBJC_LITERAL_CONVERSION = YES;
				CLANG_WARN_OBJC_ROOT_CLASS = YES_ERROR;
				CLANG_WARN_QUOTED_INCLUDE_IN_FRAMEWORK_HEADER = YES;
				CLANG_WARN_RANGE_LOOP_ANALYSIS = YES;
				CLANG_WARN_STRICT_PROTOTYPES = YES;
				CLANG_WARN_SUSPICIOUS_MOVE = YES;
				CLANG_WARN_UNGUARDED_AVAILABILITY = YES_AGGRESSIVE;
				CLANG_WARN_UNREACHABLE_CODE = YES;
				CLANG_WARN__DUPLICATE_METHOD_MATCH = YES;
				COPY_PHASE_STRIP = NO;
				DEBUG_INFORMATION_FORMAT = "dwarf-with-dsym";
				ENABLE_NS_ASSERTIONS = NO;
				ENABLE_STRICT_OBJC_MSGSEND = YES;
				GCC_C_LANGUAGE_STANDARD = gnu11;
				GCC_NO_COMMON_BLOCKS = YES;
				GCC_WARN_64_TO_32_BIT_CONVERSION = YES;
				GCC_WARN_ABOUT_RETURN_TYPE = YES_ERROR;
				GCC_WARN_UNDECLARED_SELECTOR = YES;
				GCC_WARN_UNINITIALIZED_AUTOS = YES_AGGRESSIVE;
				GCC_WARN_UNUSED_FUNCTION = YES;
				GCC_WARN_UNUSED_VARIABLE = YES;
				IPHONEOS_DEPLOYMENT_TARGET = 14.5;
				MTL_ENABLE_DEBUG_INFO = NO;
				MTL_FAST_MATH = YES;
				SDKROOT = iphoneos;
				SWIFT_COMPILATION_MODE = wholemodule;
				SWIFT_OPTIMIZATION_LEVEL = "-O";
				VALIDATE_PRODUCT = YES;
			};
			name = Release;
		};
		50A3E12626A31FC1000C69B7 /* Debug */ = {
			isa = XCBuildConfiguration;
			buildSettings = {
				ASSETCATALOG_COMPILER_APPICON_NAME = AppIcon;
				ASSETCATALOG_COMPILER_GLOBAL_ACCENT_COLOR_NAME = AccentColor;
				CODE_SIGN_STYLE = Automatic;
				DEVELOPMENT_ASSET_PATHS = "\"Olympia/Preview Content\"";
				DEVELOPMENT_TEAM = 52V8F3KJ29;
				ENABLE_PREVIEWS = YES;
				INFOPLIST_FILE = Olympia/Info.plist;
				IPHONEOS_DEPLOYMENT_TARGET = 14.0;
				LD_RUNPATH_SEARCH_PATHS = (
					"$(inherited)",
					"@executable_path/Frameworks",
				);
				PRODUCT_BUNDLE_IDENTIFIER = MS..Olympia;
				PRODUCT_NAME = "$(TARGET_NAME)";
				SWIFT_VERSION = 5.0;
				TARGETED_DEVICE_FAMILY = "1,2";
			};
			name = Debug;
		};
		50A3E12726A31FC1000C69B7 /* Release */ = {
			isa = XCBuildConfiguration;
			buildSettings = {
				ASSETCATALOG_COMPILER_APPICON_NAME = AppIcon;
				ASSETCATALOG_COMPILER_GLOBAL_ACCENT_COLOR_NAME = AccentColor;
				CODE_SIGN_STYLE = Automatic;
				DEVELOPMENT_ASSET_PATHS = "\"Olympia/Preview Content\"";
				DEVELOPMENT_TEAM = 52V8F3KJ29;
				ENABLE_PREVIEWS = YES;
				INFOPLIST_FILE = Olympia/Info.plist;
				IPHONEOS_DEPLOYMENT_TARGET = 14.0;
				LD_RUNPATH_SEARCH_PATHS = (
					"$(inherited)",
					"@executable_path/Frameworks",
				);
				PRODUCT_BUNDLE_IDENTIFIER = MS..Olympia;
				PRODUCT_NAME = "$(TARGET_NAME)";
				SWIFT_VERSION = 5.0;
				TARGETED_DEVICE_FAMILY = "1,2";
			};
			name = Release;
		};
/* End XCBuildConfiguration section */

/* Begin XCConfigurationList section */
		50A3E11126A31FC1000C69B7 /* Build configuration list for PBXProject "Olympia" */ = {
			isa = XCConfigurationList;
			buildConfigurations = (
				50A3E12326A31FC1000C69B7 /* Debug */,
				50A3E12426A31FC1000C69B7 /* Release */,
			);
			defaultConfigurationIsVisible = 0;
			defaultConfigurationName = Release;
		};
		50A3E12526A31FC1000C69B7 /* Build configuration list for PBXNativeTarget "Olympia" */ = {
			isa = XCConfigurationList;
			buildConfigurations = (
				50A3E12626A31FC1000C69B7 /* Debug */,
				50A3E12726A31FC1000C69B7 /* Release */,
			);
			defaultConfigurationIsVisible = 0;
			defaultConfigurationName = Release;
		};
/* End XCConfigurationList section */
	};
	rootObject = 50A3E10E26A31FC1000C69B7 /* Project object */;
}
